
Microsoft Visual Studio Solution File, Format Version 12.00
# Visual Studio Version 17
VisualStudioVersion = 17.12.35506.116
MinimumVisualStudioVersion = 10.0.40219.1
Project("{FAE04EC0-301F-11D3-BF4B-00C04F79EFBC}") = "minitool1", "minitool1\minitool1.csproj", "{D66AD932-3282-4BF4-9F84-E9AC9C84DE0B}"
EndProject
Project("{FAE04EC0-301F-11D3-BF4B-00C04F79EFBC}") = "minitool2", "minitool2\minitool2.csproj", "{0FE5458A-A3A9-4D0B-A540-BF4A7CD3F7EA}"
EndProject
Project("{FAE04EC0-301F-11D3-BF4B-00C04F79EFBC}") = "minitool3", "minitool3\minitool3.csproj", "{F6B38C11-304C-4FF8-BB74-D4CA0E515189}"
EndProject
Project("{FAE04EC0-301F-11D3-BF4B-00C04F79EFBC}") = "minitool4", "minitool4\minitool4.csproj", "{1D7E8B29-40C3-4ADD-A069-10C85C9FF457}"
EndProject
Project("{FAE04EC0-301F-11D3-BF4B-00C04F79EFBC}") = "minitool5", "minitool5\minitool5.csproj", "{020A4460-7DC3-4A09-BFFF-5FA32C2EE019}"
EndProject
Project("{FAE04EC0-301F-11D3-BF4B-00C04F79EFBC}") = "minitool6", "minitool6\minitool6.csproj", "{234F1A75-1214-435E-BEAB-423723110B83}"
EndProject
Project("{FAE04EC0-301F-11D3-BF4B-00C04F79EFBC}") = "minitool7", "minitool7\minitool7.csproj", "{E20EEC44-AC51-4374-A86A-714418F63FD2}"
EndProject
Project("{FAE04EC0-301F-11D3-BF4B-00C04F79EFBC}") = "minitool8", "minitool8\minitool8.csproj", "{30491AC4-884D-4F3C-8FB7-B63715207A17}"
EndProject
Project("{FAE04EC0-301F-11D3-BF4B-00C04F79EFBC}") = "minitool9", "minitool9\minitool9.csproj", "{2EF91AAC-BC9C-4117-BC29-E31F34EB8A48}"
EndProject
Project("{FAE04EC0-301F-11D3-BF4B-00C04F79EFBC}") = "minitool10", "minitool10\minitool10.csproj", "{1B8FCD9F-9F88-424C-A36E-8D749361DE53}"
EndProject
Project("{FAE04EC0-301F-11D3-BF4B-00C04F79EFBC}") = "minitool11", "minitool11\minitool11.csproj", "{72C9C1E3-F010-462F-8FE7-B2E386605A9D}"
EndProject
Project("{FAE04EC0-301F-11D3-BF4B-00C04F79EFBC}") = "minitool12", "minitool12\minitool12.csproj", "{3954569C-7648-4363-BAF9-96767038B069}"
EndProject
Project("{FAE04EC0-301F-11D3-BF4B-00C04F79EFBC}") = "minitool13", "minitool13\minitool13.csproj", "{614C841F-E604-4589-A1EB-56E7F1D895EF}"
EndProject
Global
	GlobalSection(SolutionConfigurationPlatforms) = preSolution
		Debug|Any CPU = Debug|Any CPU
		Debug|x64 = Debug|x64
		Debug|x86 = Debug|x86
		Release|Any CPU = Release|Any CPU
		Release|x64 = Release|x64
		Release|x86 = Release|x86
	EndGlobalSection
	GlobalSection(ProjectConfigurationPlatforms) = postSolution
		{D66AD932-3282-4BF4-9F84-E9AC9C84DE0B}.Debug|Any CPU.ActiveCfg = Debug|Any CPU
		{D66AD932-3282-4BF4-9F84-E9AC9C84DE0B}.Debug|Any CPU.Build.0 = Debug|Any CPU
		{D66AD932-3282-4BF4-9F84-E9AC9C84DE0B}.Debug|x64.ActiveCfg = Debug|Any CPU
		{D66AD932-3282-4BF4-9F84-E9AC9C84DE0B}.Debug|x64.Build.0 = Debug|Any CPU
		{D66AD932-3282-4BF4-9F84-E9AC9C84DE0B}.Debug|x86.ActiveCfg = Debug|Any CPU
		{D66AD932-3282-4BF4-9F84-E9AC9C84DE0B}.Debug|x86.Build.0 = Debug|Any CPU
		{D66AD932-3282-4BF4-9F84-E9AC9C84DE0B}.Release|Any CPU.ActiveCfg = Release|Any CPU
		{D66AD932-3282-4BF4-9F84-E9AC9C84DE0B}.Release|Any CPU.Build.0 = Release|Any CPU
		{D66AD932-3282-4BF4-9F84-E9AC9C84DE0B}.Release|x64.ActiveCfg = Release|Any CPU
		{D66AD932-3282-4BF4-9F84-E9AC9C84DE0B}.Release|x64.Build.0 = Release|Any CPU
		{D66AD932-3282-4BF4-9F84-E9AC9C84DE0B}.Release|x86.ActiveCfg = Release|Any CPU
		{D66AD932-3282-4BF4-9F84-E9AC9C84DE0B}.Release|x86.Build.0 = Release|Any CPU
		{0FE5458A-A3A9-4D0B-A540-BF4A7CD3F7EA}.Debug|Any CPU.ActiveCfg = Debug|Any CPU
		{0FE5458A-A3A9-4D0B-A540-BF4A7CD3F7EA}.Debug|Any CPU.Build.0 = Debug|Any CPU
		{0FE5458A-A3A9-4D0B-A540-BF4A7CD3F7EA}.Debug|x64.ActiveCfg = Debug|Any CPU
		{0FE5458A-A3A9-4D0B-A540-BF4A7CD3F7EA}.Debug|x64.Build.0 = Debug|Any CPU
		{0FE5458A-A3A9-4D0B-A540-BF4A7CD3F7EA}.Debug|x86.ActiveCfg = Debug|Any CPU
		{0FE5458A-A3A9-4D0B-A540-BF4A7CD3F7EA}.Debug|x86.Build.0 = Debug|Any CPU
		{0FE5458A-A3A9-4D0B-A540-BF4A7CD3F7EA}.Release|Any CPU.ActiveCfg = Release|Any CPU
		{0FE5458A-A3A9-4D0B-A540-BF4A7CD3F7EA}.Release|Any CPU.Build.0 = Release|Any CPU
		{0FE5458A-A3A9-4D0B-A540-BF4A7CD3F7EA}.Release|x64.ActiveCfg = Release|Any CPU
		{0FE5458A-A3A9-4D0B-A540-BF4A7CD3F7EA}.Release|x64.Build.0 = Release|Any CPU
		{0FE5458A-A3A9-4D0B-A540-BF4A7CD3F7EA}.Release|x86.ActiveCfg = Release|Any CPU
		{0FE5458A-A3A9-4D0B-A540-BF4A7CD3F7EA}.Release|x86.Build.0 = Release|Any CPU
		{F6B38C11-304C-4FF8-BB74-D4CA0E515189}.Debug|Any CPU.ActiveCfg = Debug|Any CPU
		{F6B38C11-304C-4FF8-BB74-D4CA0E515189}.Debug|Any CPU.Build.0 = Debug|Any CPU
		{F6B38C11-304C-4FF8-BB74-D4CA0E515189}.Debug|x64.ActiveCfg = Debug|Any CPU
		{F6B38C11-304C-4FF8-BB74-D4CA0E515189}.Debug|x64.Build.0 = Debug|Any CPU
		{F6B38C11-304C-4FF8-BB74-D4CA0E515189}.Debug|x86.ActiveCfg = Debug|Any CPU
		{F6B38C11-304C-4FF8-BB74-D4CA0E515189}.Debug|x86.Build.0 = Debug|Any CPU
		{F6B38C11-304C-4FF8-BB74-D4CA0E515189}.Release|Any CPU.ActiveCfg = Release|Any CPU
		{F6B38C11-304C-4FF8-BB74-D4CA0E515189}.Release|Any CPU.Build.0 = Release|Any CPU
		{F6B38C11-304C-4FF8-BB74-D4CA0E515189}.Release|x64.ActiveCfg = Release|Any CPU
		{F6B38C11-304C-4FF8-BB74-D4CA0E515189}.Release|x64.Build.0 = Release|Any CPU
		{F6B38C11-304C-4FF8-BB74-D4CA0E515189}.Release|x86.ActiveCfg = Release|Any CPU
		{F6B38C11-304C-4FF8-BB74-D4CA0E515189}.Release|x86.Build.0 = Release|Any CPU
		{1D7E8B29-40C3-4ADD-A069-10C85C9FF457}.Debug|Any CPU.ActiveCfg = Debug|Any CPU
		{1D7E8B29-40C3-4ADD-A069-10C85C9FF457}.Debug|Any CPU.Build.0 = Debug|Any CPU
		{1D7E8B29-40C3-4ADD-A069-10C85C9FF457}.Debug|x64.ActiveCfg = Debug|Any CPU
		{1D7E8B29-40C3-4ADD-A069-10C85C9FF457}.Debug|x64.Build.0 = Debug|Any CPU
		{1D7E8B29-40C3-4ADD-A069-10C85C9FF457}.Debug|x86.ActiveCfg = Debug|Any CPU
		{1D7E8B29-40C3-4ADD-A069-10C85C9FF457}.Debug|x86.Build.0 = Debug|Any CPU
		{1D7E8B29-40C3-4ADD-A069-10C85C9FF457}.Release|Any CPU.ActiveCfg = Release|Any CPU
		{1D7E8B29-40C3-4ADD-A069-10C85C9FF457}.Release|Any CPU.Build.0 = Release|Any CPU
		{1D7E8B29-40C3-4ADD-A069-10C85C9FF457}.Release|x64.ActiveCfg = Release|Any CPU
		{1D7E8B29-40C3-4ADD-A069-10C85C9FF457}.Release|x64.Build.0 = Release|Any CPU
		{1D7E8B29-40C3-4ADD-A069-10C85C9FF457}.Release|x86.ActiveCfg = Release|Any CPU
		{1D7E8B29-40C3-4ADD-A069-10C85C9FF457}.Release|x86.Build.0 = Release|Any CPU
		{020A4460-7DC3-4A09-BFFF-5FA32C2EE019}.Debug|Any CPU.ActiveCfg = Debug|Any CPU
		{020A4460-7DC3-4A09-BFFF-5FA32C2EE019}.Debug|Any CPU.Build.0 = Debug|Any CPU
		{020A4460-7DC3-4A09-BFFF-5FA32C2EE019}.Debug|x64.ActiveCfg = Debug|Any CPU
		{020A4460-7DC3-4A09-BFFF-5FA32C2EE019}.Debug|x64.Build.0 = Debug|Any CPU
		{020A4460-7DC3-4A09-BFFF-5FA32C2EE019}.Debug|x86.ActiveCfg = Debug|Any CPU
		{020A4460-7DC3-4A09-BFFF-5FA32C2EE019}.Debug|x86.Build.0 = Debug|Any CPU
		{020A4460-7DC3-4A09-BFFF-5FA32C2EE019}.Release|Any CPU.ActiveCfg = Release|Any CPU
		{020A4460-7DC3-4A09-BFFF-5FA32C2EE019}.Release|Any CPU.Build.0 = Release|Any CPU
		{020A4460-7DC3-4A09-BFFF-5FA32C2EE019}.Release|x64.ActiveCfg = Release|Any CPU
		{020A4460-7DC3-4A09-BFFF-5FA32C2EE019}.Release|x64.Build.0 = Release|Any CPU
		{020A4460-7DC3-4A09-BFFF-5FA32C2EE019}.Release|x86.ActiveCfg = Release|Any CPU
		{020A4460-7DC3-4A09-BFFF-5FA32C2EE019}.Release|x86.Build.0 = Release|Any CPU
		{234F1A75-1214-435E-BEAB-423723110B83}.Debug|Any CPU.ActiveCfg = Debug|Any CPU
		{234F1A75-1214-435E-BEAB-423723110B83}.Debug|Any CPU.Build.0 = Debug|Any CPU
		{234F1A75-1214-435E-BEAB-423723110B83}.Debug|x64.ActiveCfg = Debug|Any CPU
		{234F1A75-1214-435E-BEAB-423723110B83}.Debug|x64.Build.0 = Debug|Any CPU
		{234F1A75-1214-435E-BEAB-423723110B83}.Debug|x86.ActiveCfg = Debug|Any CPU
		{234F1A75-1214-435E-BEAB-423723110B83}.Debug|x86.Build.0 = Debug|Any CPU
		{234F1A75-1214-435E-BEAB-423723110B83}.Release|Any CPU.ActiveCfg = Release|Any CPU
		{234F1A75-1214-435E-BEAB-423723110B83}.Release|Any CPU.Build.0 = Release|Any CPU
		{234F1A75-1214-435E-BEAB-423723110B83}.Release|x64.ActiveCfg = Release|Any CPU
		{234F1A75-1214-435E-BEAB-423723110B83}.Release|x64.Build.0 = Release|Any CPU
		{234F1A75-1214-435E-BEAB-423723110B83}.Release|x86.ActiveCfg = Release|Any CPU
		{234F1A75-1214-435E-BEAB-423723110B83}.Release|x86.Build.0 = Release|Any CPU
		{E20EEC44-AC51-4374-A86A-714418F63FD2}.Debug|Any CPU.ActiveCfg = Debug|Any CPU
		{E20EEC44-AC51-4374-A86A-714418F63FD2}.Debug|Any CPU.Build.0 = Debug|Any CPU
		{E20EEC44-AC51-4374-A86A-714418F63FD2}.Debug|x64.ActiveCfg = Debug|Any CPU
		{E20EEC44-AC51-4374-A86A-714418F63FD2}.Debug|x64.Build.0 = Debug|Any CPU
		{E20EEC44-AC51-4374-A86A-714418F63FD2}.Debug|x86.ActiveCfg = Debug|Any CPU
		{E20EEC44-AC51-4374-A86A-714418F63FD2}.Debug|x86.Build.0 = Debug|Any CPU
		{E20EEC44-AC51-4374-A86A-714418F63FD2}.Release|Any CPU.ActiveCfg = Release|Any CPU
		{E20EEC44-AC51-4374-A86A-714418F63FD2}.Release|Any CPU.Build.0 = Release|Any CPU
		{E20EEC44-AC51-4374-A86A-714418F63FD2}.Release|x64.ActiveCfg = Release|Any CPU
		{E20EEC44-AC51-4374-A86A-714418F63FD2}.Release|x64.Build.0 = Release|Any CPU
		{E20EEC44-AC51-4374-A86A-714418F63FD2}.Release|x86.ActiveCfg = Release|Any CPU
		{E20EEC44-AC51-4374-A86A-714418F63FD2}.Release|x86.Build.0 = Release|Any CPU
		{30491AC4-884D-4F3C-8FB7-B63715207A17}.Debug|Any CPU.ActiveCfg = Debug|Any CPU
		{30491AC4-884D-4F3C-8FB7-B63715207A17}.Debug|Any CPU.Build.0 = Debug|Any CPU
		{30491AC4-884D-4F3C-8FB7-B63715207A17}.Debug|x64.ActiveCfg = Debug|Any CPU
		{30491AC4-884D-4F3C-8FB7-B63715207A17}.Debug|x64.Build.0 = Debug|Any CPU
		{30491AC4-884D-4F3C-8FB7-B63715207A17}.Debug|x86.ActiveCfg = Debug|Any CPU
		{30491AC4-884D-4F3C-8FB7-B63715207A17}.Debug|x86.Build.0 = Debug|Any CPU
		{30491AC4-884D-4F3C-8FB7-B63715207A17}.Release|Any CPU.ActiveCfg = Release|Any CPU
		{30491AC4-884D-4F3C-8FB7-B63715207A17}.Release|Any CPU.Build.0 = Release|Any CPU
		{30491AC4-884D-4F3C-8FB7-B63715207A17}.Release|x64.ActiveCfg = Release|Any CPU
		{30491AC4-884D-4F3C-8FB7-B63715207A17}.Release|x64.Build.0 = Release|Any CPU
		{30491AC4-884D-4F3C-8FB7-B63715207A17}.Release|x86.ActiveCfg = Release|Any CPU
		{30491AC4-884D-4F3C-8FB7-B63715207A17}.Release|x86.Build.0 = Release|Any CPU
		{2EF91AAC-BC9C-4117-BC29-E31F34EB8A48}.Debug|Any CPU.ActiveCfg = Debug|Any CPU
		{2EF91AAC-BC9C-4117-BC29-E31F34EB8A48}.Debug|Any CPU.Build.0 = Debug|Any CPU
		{2EF91AAC-BC9C-4117-BC29-E31F34EB8A48}.Debug|x64.ActiveCfg = Debug|Any CPU
		{2EF91AAC-BC9C-4117-BC29-E31F34EB8A48}.Debug|x64.Build.0 = Debug|Any CPU
		{2EF91AAC-BC9C-4117-BC29-E31F34EB8A48}.Debug|x86.ActiveCfg = Debug|Any CPU
		{2EF91AAC-BC9C-4117-BC29-E31F34EB8A48}.Debug|x86.Build.0 = Debug|Any CPU
		{2EF91AAC-BC9C-4117-BC29-E31F34EB8A48}.Release|Any CPU.ActiveCfg = Release|Any CPU
		{2EF91AAC-BC9C-4117-BC29-E31F34EB8A48}.Release|Any CPU.Build.0 = Release|Any CPU
		{2EF91AAC-BC9C-4117-BC29-E31F34EB8A48}.Release|x64.ActiveCfg = Release|Any CPU
		{2EF91AAC-BC9C-4117-BC29-E31F34EB8A48}.Release|x64.Build.0 = Release|Any CPU
		{2EF91AAC-BC9C-4117-BC29-E31F34EB8A48}.Release|x86.ActiveCfg = Release|Any CPU
		{2EF91AAC-BC9C-4117-BC29-E31F34EB8A48}.Release|x86.Build.0 = Release|Any CPU
		{1B8FCD9F-9F88-424C-A36E-8D749361DE53}.Debug|Any CPU.ActiveCfg = Debug|Any CPU
		{1B8FCD9F-9F88-424C-A36E-8D749361DE53}.Debug|Any CPU.Build.0 = Debug|Any CPU
		{1B8FCD9F-9F88-424C-A36E-8D749361DE53}.Debug|x64.ActiveCfg = Debug|Any CPU
		{1B8FCD9F-9F88-424C-A36E-8D749361DE53}.Debug|x64.Build.0 = Debug|Any CPU
		{1B8FCD9F-9F88-424C-A36E-8D749361DE53}.Debug|x86.ActiveCfg = Debug|Any CPU
		{1B8FCD9F-9F88-424C-A36E-8D749361DE53}.Debug|x86.Build.0 = Debug|Any CPU
		{1B8FCD9F-9F88-424C-A36E-8D749361DE53}.Release|Any CPU.ActiveCfg = Release|Any CPU
		{1B8FCD9F-9F88-424C-A36E-8D749361DE53}.Release|Any CPU.Build.0 = Release|Any CPU
		{1B8FCD9F-9F88-424C-A36E-8D749361DE53}.Release|x64.ActiveCfg = Release|Any CPU
		{1B8FCD9F-9F88-424C-A36E-8D749361DE53}.Release|x64.Build.0 = Release|Any CPU
		{1B8FCD9F-9F88-424C-A36E-8D749361DE53}.Release|x86.ActiveCfg = Release|Any CPU
		{1B8FCD9F-9F88-424C-A36E-8D749361DE53}.Release|x86.Build.0 = Release|Any CPU
		{72C9C1E3-F010-462F-8FE7-B2E386605A9D}.Debug|Any CPU.ActiveCfg = Debug|Any CPU
		{72C9C1E3-F010-462F-8FE7-B2E386605A9D}.Debug|Any CPU.Build.0 = Debug|Any CPU
		{72C9C1E3-F010-462F-8FE7-B2E386605A9D}.Debug|x64.ActiveCfg = Debug|Any CPU
		{72C9C1E3-F010-462F-8FE7-B2E386605A9D}.Debug|x64.Build.0 = Debug|Any CPU
		{72C9C1E3-F010-462F-8FE7-B2E386605A9D}.Debug|x86.ActiveCfg = Debug|Any CPU
		{72C9C1E3-F010-462F-8FE7-B2E386605A9D}.Debug|x86.Build.0 = Debug|Any CPU
		{72C9C1E3-F010-462F-8FE7-B2E386605A9D}.Release|Any CPU.ActiveCfg = Release|Any CPU
		{72C9C1E3-F010-462F-8FE7-B2E386605A9D}.Release|Any CPU.Build.0 = Release|Any CPU
		{72C9C1E3-F010-462F-8FE7-B2E386605A9D}.Release|x64.ActiveCfg = Release|Any CPU
		{72C9C1E3-F010-462F-8FE7-B2E386605A9D}.Release|x64.Build.0 = Release|Any CPU
		{72C9C1E3-F010-462F-8FE7-B2E386605A9D}.Release|x86.ActiveCfg = Release|Any CPU
		{72C9C1E3-F010-462F-8FE7-B2E386605A9D}.Release|x86.Build.0 = Release|Any CPU
		{3954569C-7648-4363-BAF9-96767038B069}.Debug|Any CPU.ActiveCfg = Debug|Any CPU
		{3954569C-7648-4363-BAF9-96767038B069}.Debug|Any CPU.Build.0 = Debug|Any CPU
		{3954569C-7648-4363-BAF9-96767038B069}.Debug|x64.ActiveCfg = Debug|Any CPU
		{3954569C-7648-4363-BAF9-96767038B069}.Debug|x64.Build.0 = Debug|Any CPU
		{3954569C-7648-4363-BAF9-96767038B069}.Debug|x86.ActiveCfg = Debug|Any CPU
		{3954569C-7648-4363-BAF9-96767038B069}.Debug|x86.Build.0 = Debug|Any CPU
		{3954569C-7648-4363-BAF9-96767038B069}.Release|Any CPU.ActiveCfg = Release|Any CPU
		{3954569C-7648-4363-BAF9-96767038B069}.Release|Any CPU.Build.0 = Release|Any CPU
		{3954569C-7648-4363-BAF9-96767038B069}.Release|x64.ActiveCfg = Release|Any CPU
		{3954569C-7648-4363-BAF9-96767038B069}.Release|x64.Build.0 = Release|Any CPU
		{3954569C-7648-4363-BAF9-96767038B069}.Release|x86.ActiveCfg = Release|Any CPU
		{3954569C-7648-4363-BAF9-96767038B069}.Release|x86.Build.0 = Release|Any CPU
		{614C841F-E604-4589-A1EB-56E7F1D895EF}.Debug|Any CPU.ActiveCfg = Debug|Any CPU
		{614C841F-E604-4589-A1EB-56E7F1D895EF}.Debug|Any CPU.Build.0 = Debug|Any CPU
		{614C841F-E604-4589-A1EB-56E7F1D895EF}.Debug|x64.ActiveCfg = Debug|Any CPU
		{614C841F-E604-4589-A1EB-56E7F1D895EF}.Debug|x64.Build.0 = Debug|Any CPU
		{614C841F-E604-4589-A1EB-56E7F1D895EF}.Debug|x86.ActiveCfg = Debug|Any CPU
		{614C841F-E604-4589-A1EB-56E7F1D895EF}.Debug|x86.Build.0 = Debug|Any CPU
		{614C841F-E604-4589-A1EB-56E7F1D895EF}.Release|Any CPU.ActiveCfg = Release|Any CPU
		{614C841F-E604-4589-A1EB-56E7F1D895EF}.Release|Any CPU.Build.0 = Release|Any CPU
		{614C841F-E604-4589-A1EB-56E7F1D895EF}.Release|x64.ActiveCfg = Release|Any CPU
		{614C841F-E604-4589-A1EB-56E7F1D895EF}.Release|x64.Build.0 = Release|Any CPU
		{614C841F-E604-4589-A1EB-56E7F1D895EF}.Release|x86.ActiveCfg = Release|Any CPU
		{614C841F-E604-4589-A1EB-56E7F1D895EF}.Release|x86.Build.0 = Release|Any CPU
	EndGlobalSection
	GlobalSection(SolutionProperties) = preSolution
		HideSolutionNode = FALSE
	EndGlobalSection
	GlobalSection(ExtensibilityGlobals) = postSolution
		SolutionGuid = {FE0A41FC-B12D-4C7C-BAA3-A717CD36B65F}
	EndGlobalSection
EndGlobal
